// !$*UTF8*$!
{
	archiveVersion = 1;
	classes = {
	};
	objectVersion = 46;
	objects = {

/* Begin PBXBuildFile section */
		23063AF71AC7A4C800C063DC /* EnterStopIDViewController.m in Sources */ = {isa = PBXBuildFile; fileRef = 23063AF61AC7A4C800C063DC /* EnterStopIDViewController.m */; };
		23063AFA1AC7DAAC00C063DC /* ServiceDescriptionCell.m in Sources */ = {isa = PBXBuildFile; fileRef = 23063AF91AC7DAAC00C063DC /* ServiceDescriptionCell.m */; };
		23063B051ACBF0BC00C063DC /* FavouritesCell.m in Sources */ = {isa = PBXBuildFile; fileRef = 23063B041ACBF0BC00C063DC /* FavouritesCell.m */; };
		233CD79C1C37AB8000E0B6D6 /* MapKit.framework in Frameworks */ = {isa = PBXBuildFile; fileRef = 23E1026A1C1D21EA00BEF3C6 /* MapKit.framework */; };
		23420A891C8EC7DD009F40F9 /* ErrorPresenter.swift in Sources */ = {isa = PBXBuildFile; fileRef = 23420A881C8EC7DD009F40F9 /* ErrorPresenter.swift */; };
		23420A9A1C92A34E009F40F9 /* Interface.storyboard in Resources */ = {isa = PBXBuildFile; fileRef = 23420A981C92A34E009F40F9 /* Interface.storyboard */; };
		23420A9C1C92A34E009F40F9 /* Assets.xcassets in Resources */ = {isa = PBXBuildFile; fileRef = 23420A9B1C92A34E009F40F9 /* Assets.xcassets */; };
		23420AA31C92A34E009F40F9 /* watchkit Extension.appex in Embed App Extensions */ = {isa = PBXBuildFile; fileRef = 23420AA21C92A34E009F40F9 /* watchkit Extension.appex */; settings = {ATTRIBUTES = (RemoveHeadersOnCopy, ); }; };
		23420AAA1C92A34E009F40F9 /* StopsInterfaceController.swift in Sources */ = {isa = PBXBuildFile; fileRef = 23420AA91C92A34E009F40F9 /* StopsInterfaceController.swift */; };
		23420AAC1C92A34E009F40F9 /* ExtensionDelegate.swift in Sources */ = {isa = PBXBuildFile; fileRef = 23420AAB1C92A34E009F40F9 /* ExtensionDelegate.swift */; };
		23420AAE1C92A34E009F40F9 /* NotificationController.swift in Sources */ = {isa = PBXBuildFile; fileRef = 23420AAD1C92A34E009F40F9 /* NotificationController.swift */; };
		23420AB01C92A34E009F40F9 /* GlanceController.swift in Sources */ = {isa = PBXBuildFile; fileRef = 23420AAF1C92A34E009F40F9 /* GlanceController.swift */; };
		23420AB21C92A34E009F40F9 /* Assets.xcassets in Resources */ = {isa = PBXBuildFile; fileRef = 23420AB11C92A34E009F40F9 /* Assets.xcassets */; };
		23420AB61C92A34E009F40F9 /* watchkit.app in Embed Watch Content */ = {isa = PBXBuildFile; fileRef = 23420A961C92A34E009F40F9 /* watchkit.app */; };
		235AA1981CA2A272006143B9 /* StopsRowController.swift in Sources */ = {isa = PBXBuildFile; fileRef = 235AA1961CA2A055006143B9 /* StopsRowController.swift */; };
		236842411CAD3B7600548923 /* StringShortener.swift in Sources */ = {isa = PBXBuildFile; fileRef = 236842401CAD3B7600548923 /* StringShortener.swift */; };
		236842441CAD3E1600548923 /* NearestStopBusInfoFetcher.m in Sources */ = {isa = PBXBuildFile; fileRef = 236842431CAD3E1600548923 /* NearestStopBusInfoFetcher.m */; };
		236FC3451CAE124E00207C15 /* INTUHeadingRequest.m in Sources */ = {isa = PBXBuildFile; fileRef = 236FC33C1CAE124E00207C15 /* INTUHeadingRequest.m */; };
		236FC3461CAE124E00207C15 /* INTULocationManager.m in Sources */ = {isa = PBXBuildFile; fileRef = 236FC33F1CAE124E00207C15 /* INTULocationManager.m */; };
		236FC3471CAE124E00207C15 /* INTULocationRequest.m in Sources */ = {isa = PBXBuildFile; fileRef = 236FC3411CAE124E00207C15 /* INTULocationRequest.m */; };
		236FC3481CAE124E00207C15 /* INTURequestIDGenerator.m in Sources */ = {isa = PBXBuildFile; fileRef = 236FC3441CAE124E00207C15 /* INTURequestIDGenerator.m */; };
		236FC34C1CAFC98900207C15 /* EditStopDescriptionViewController.m in Sources */ = {isa = PBXBuildFile; fileRef = 236FC34B1CAFC98900207C15 /* EditStopDescriptionViewController.m */; };
		236FC34F1CAFDC4A00207C15 /* ShorteningLabel.m in Sources */ = {isa = PBXBuildFile; fileRef = 236FC34E1CAFDC4A00207C15 /* ShorteningLabel.m */; };
		23AB59A31CB088960057688D /* Settings.bundle in Resources */ = {isa = PBXBuildFile; fileRef = 23AB59A21CB088960057688D /* Settings.bundle */; };
		23C937981ACDF51E00EF1441 /* TimetableWebViewController.m in Sources */ = {isa = PBXBuildFile; fileRef = 23C937971ACDF51E00EF1441 /* TimetableWebViewController.m */; };
		23D75E211AC1654B0068C808 /* main.m in Sources */ = {isa = PBXBuildFile; fileRef = 23D75E201AC1654B0068C808 /* main.m */; };
		23D75E241AC1654B0068C808 /* AppDelegate.m in Sources */ = {isa = PBXBuildFile; fileRef = 23D75E231AC1654B0068C808 /* AppDelegate.m */; };
		23D75E271AC1654B0068C808 /* Bus-Panda.xcdatamodeld in Sources */ = {isa = PBXBuildFile; fileRef = 23D75E251AC1654B0068C808 /* Bus-Panda.xcdatamodeld */; };
		23D75E2A1AC1654B0068C808 /* MasterViewController.m in Sources */ = {isa = PBXBuildFile; fileRef = 23D75E291AC1654B0068C808 /* MasterViewController.m */; };
		23D75E2D1AC1654B0068C808 /* DetailViewController.m in Sources */ = {isa = PBXBuildFile; fileRef = 23D75E2C1AC1654B0068C808 /* DetailViewController.m */; };
		23D75E301AC1654B0068C808 /* Main.storyboard in Resources */ = {isa = PBXBuildFile; fileRef = 23D75E2E1AC1654B0068C808 /* Main.storyboard */; };
		23D75E321AC1654B0068C808 /* Images.xcassets in Resources */ = {isa = PBXBuildFile; fileRef = 23D75E311AC1654B0068C808 /* Images.xcassets */; };
		23D75E351AC1654B0068C808 /* LaunchScreen.xib in Resources */ = {isa = PBXBuildFile; fileRef = 23D75E331AC1654B0068C808 /* LaunchScreen.xib */; };
		23D75E411AC1654B0068C808 /* BusTests.m in Sources */ = {isa = PBXBuildFile; fileRef = 23D75E401AC1654B0068C808 /* BusTests.m */; };
		23D75E731AC165A70068C808 /* HTMLComment.m in Sources */ = {isa = PBXBuildFile; fileRef = 23D75E4D1AC165A70068C808 /* HTMLComment.m */; };
		23D75E741AC165A70068C808 /* HTMLDocument.m in Sources */ = {isa = PBXBuildFile; fileRef = 23D75E4F1AC165A70068C808 /* HTMLDocument.m */; };
		23D75E751AC165A70068C808 /* HTMLDocumentType.m in Sources */ = {isa = PBXBuildFile; fileRef = 23D75E511AC165A70068C808 /* HTMLDocumentType.m */; };
		23D75E761AC165A70068C808 /* HTMLElement.m in Sources */ = {isa = PBXBuildFile; fileRef = 23D75E531AC165A70068C808 /* HTMLElement.m */; };
		23D75E771AC165A70068C808 /* HTMLEncoding.m in Sources */ = {isa = PBXBuildFile; fileRef = 23D75E551AC165A70068C808 /* HTMLEncoding.m */; };
		23D75E781AC165A70068C808 /* HTMLEntities.m in Sources */ = {isa = PBXBuildFile; fileRef = 23D75E571AC165A70068C808 /* HTMLEntities.m */; };
		23D75E791AC165A70068C808 /* HTMLNode.m in Sources */ = {isa = PBXBuildFile; fileRef = 23D75E5A1AC165A70068C808 /* HTMLNode.m */; };
		23D75E7A1AC165A70068C808 /* HTMLOrderedDictionary.m in Sources */ = {isa = PBXBuildFile; fileRef = 23D75E5C1AC165A70068C808 /* HTMLOrderedDictionary.m */; };
		23D75E7B1AC165A70068C808 /* HTMLParser.m in Sources */ = {isa = PBXBuildFile; fileRef = 23D75E5E1AC165A70068C808 /* HTMLParser.m */; };
		23D75E7C1AC165A70068C808 /* HTMLPreprocessedInputStream.m in Sources */ = {isa = PBXBuildFile; fileRef = 23D75E601AC165A70068C808 /* HTMLPreprocessedInputStream.m */; };
		23D75E7D1AC165A70068C808 /* HTMLSelector.m in Sources */ = {isa = PBXBuildFile; fileRef = 23D75E641AC165A70068C808 /* HTMLSelector.m */; };
		23D75E7E1AC165A70068C808 /* HTMLSerialization.m in Sources */ = {isa = PBXBuildFile; fileRef = 23D75E661AC165A70068C808 /* HTMLSerialization.m */; };
		23D75E7F1AC165A70068C808 /* HTMLString.m in Sources */ = {isa = PBXBuildFile; fileRef = 23D75E681AC165A70068C808 /* HTMLString.m */; };
		23D75E801AC165A70068C808 /* HTMLTextNode.m in Sources */ = {isa = PBXBuildFile; fileRef = 23D75E6B1AC165A70068C808 /* HTMLTextNode.m */; };
		23D75E811AC165A70068C808 /* HTMLTokenizer.m in Sources */ = {isa = PBXBuildFile; fileRef = 23D75E6D1AC165A70068C808 /* HTMLTokenizer.m */; };
		23D75E821AC165A70068C808 /* HTMLTreeEnumerator.m in Sources */ = {isa = PBXBuildFile; fileRef = 23D75E701AC165A70068C808 /* HTMLTreeEnumerator.m */; };
		23D75E831AC165A70068C808 /* NSString+HTMLEntities.m in Sources */ = {isa = PBXBuildFile; fileRef = 23D75E721AC165A70068C808 /* NSString+HTMLEntities.m */; };
		23E102661C1D0AA300BEF3C6 /* StopMapViewController.m in Sources */ = {isa = PBXBuildFile; fileRef = 23E102651C1D0AA300BEF3C6 /* StopMapViewController.m */; };
		23E102691C1D0B7C00BEF3C6 /* AddStopAbstractViewController.m in Sources */ = {isa = PBXBuildFile; fileRef = 23E102681C1D0B7C00BEF3C6 /* AddStopAbstractViewController.m */; };
		23E1026F1C1D3A8700BEF3C6 /* StopLocation.m in Sources */ = {isa = PBXBuildFile; fileRef = 23E1026E1C1D3A8700BEF3C6 /* StopLocation.m */; };
		23E341631CA6915100EDB581 /* RouteColours.swift in Sources */ = {isa = PBXBuildFile; fileRef = 23E341621CA6915100EDB581 /* RouteColours.swift */; };
		23E341641CA6A10600EDB581 /* BusesInterfaceController.swift in Sources */ = {isa = PBXBuildFile; fileRef = 23E3415D1CA681A000EDB581 /* BusesInterfaceController.swift */; };
		23E341651CA6A11400EDB581 /* RouteColours.swift in Sources */ = {isa = PBXBuildFile; fileRef = 23E341621CA6915100EDB581 /* RouteColours.swift */; };
		23E341661CA6A1DF00EDB581 /* BusesRowController.swift in Sources */ = {isa = PBXBuildFile; fileRef = 23E3415F1CA68F5F00EDB581 /* BusesRowController.swift */; };
		23E341691CA79F1A00EDB581 /* BusInfoFetcher.m in Sources */ = {isa = PBXBuildFile; fileRef = 23E341681CA79F1A00EDB581 /* BusInfoFetcher.m */; };
		23E341751CABACB800EDB581 /* Info.plist in Resources */ = {isa = PBXBuildFile; fileRef = 23E3416F1CABACB800EDB581 /* Info.plist */; };
		23E341761CABACB800EDB581 /* LICENSE in Resources */ = {isa = PBXBuildFile; fileRef = 23E341701CABACB800EDB581 /* LICENSE */; };
		23E341771CABACB800EDB581 /* MGSwipeButton.m in Sources */ = {isa = PBXBuildFile; fileRef = 23E341721CABACB800EDB581 /* MGSwipeButton.m */; };
		23E341781CABACB800EDB581 /* MGSwipeTableCell.m in Sources */ = {isa = PBXBuildFile; fileRef = 23E341741CABACB800EDB581 /* MGSwipeTableCell.m */; };
		23E3417B1CABD2E900EDB581 /* StopInfoFetcher.m in Sources */ = {isa = PBXBuildFile; fileRef = 23E3417A1CABD2E900EDB581 /* StopInfoFetcher.m */; };
/* End PBXBuildFile section */

/* Begin PBXContainerItemProxy section */
		23420AA41C92A34E009F40F9 /* PBXContainerItemProxy */ = {
			isa = PBXContainerItemProxy;
			containerPortal = 23D75E131AC1654B0068C808 /* Project object */;
			proxyType = 1;
			remoteGlobalIDString = 23420AA11C92A34E009F40F9;
			remoteInfo = "watchkit Extension";
		};
		23420AB41C92A34E009F40F9 /* PBXContainerItemProxy */ = {
			isa = PBXContainerItemProxy;
			containerPortal = 23D75E131AC1654B0068C808 /* Project object */;
			proxyType = 1;
			remoteGlobalIDString = 23420A951C92A34E009F40F9;
			remoteInfo = watchkit;
		};
		23D75E3B1AC1654B0068C808 /* PBXContainerItemProxy */ = {
			isa = PBXContainerItemProxy;
			containerPortal = 23D75E131AC1654B0068C808 /* Project object */;
			proxyType = 1;
			remoteGlobalIDString = 23D75E1A1AC1654B0068C808;
			remoteInfo = Bus;
		};
/* End PBXContainerItemProxy section */

/* Begin PBXCopyFilesBuildPhase section */
		23420ABA1C92A34F009F40F9 /* Embed App Extensions */ = {
			isa = PBXCopyFilesBuildPhase;
			buildActionMask = 2147483647;
			dstPath = "";
			dstSubfolderSpec = 13;
			files = (
				23420AA31C92A34E009F40F9 /* watchkit Extension.appex in Embed App Extensions */,
			);
			name = "Embed App Extensions";
			runOnlyForDeploymentPostprocessing = 0;
		};
		23420ABE1C92A34F009F40F9 /* Embed Watch Content */ = {
			isa = PBXCopyFilesBuildPhase;
			buildActionMask = 2147483647;
			dstPath = "$(CONTENTS_FOLDER_PATH)/Watch";
			dstSubfolderSpec = 16;
			files = (
				23420AB61C92A34E009F40F9 /* watchkit.app in Embed Watch Content */,
			);
			name = "Embed Watch Content";
			runOnlyForDeploymentPostprocessing = 0;
		};
/* End PBXCopyFilesBuildPhase section */

/* Begin PBXFileReference section */
		23063AF51AC7A4C800C063DC /* EnterStopIDViewController.h */ = {isa = PBXFileReference; fileEncoding = 4; lastKnownFileType = sourcecode.c.h; path = EnterStopIDViewController.h; sourceTree = "<group>"; };
		23063AF61AC7A4C800C063DC /* EnterStopIDViewController.m */ = {isa = PBXFileReference; fileEncoding = 4; lastKnownFileType = sourcecode.c.objc; path = EnterStopIDViewController.m; sourceTree = "<group>"; };
		23063AF81AC7DAAC00C063DC /* ServiceDescriptionCell.h */ = {isa = PBXFileReference; fileEncoding = 4; lastKnownFileType = sourcecode.c.h; path = ServiceDescriptionCell.h; sourceTree = "<group>"; };
		23063AF91AC7DAAC00C063DC /* ServiceDescriptionCell.m */ = {isa = PBXFileReference; fileEncoding = 4; lastKnownFileType = sourcecode.c.objc; path = ServiceDescriptionCell.m; sourceTree = "<group>"; };
		23063B031ACBF0BC00C063DC /* FavouritesCell.h */ = {isa = PBXFileReference; fileEncoding = 4; lastKnownFileType = sourcecode.c.h; path = FavouritesCell.h; sourceTree = "<group>"; };
		23063B041ACBF0BC00C063DC /* FavouritesCell.m */ = {isa = PBXFileReference; fileEncoding = 4; lastKnownFileType = sourcecode.c.objc; path = FavouritesCell.m; sourceTree = "<group>"; };
		233CD79D1C3BDB7D00E0B6D6 /* ErrorPresenter.h */ = {isa = PBXFileReference; fileEncoding = 4; lastKnownFileType = sourcecode.c.h; path = ErrorPresenter.h; sourceTree = "<group>"; };
		23420A871C8EC7DC009F40F9 /* Bus Panda-Bridging-Header.h */ = {isa = PBXFileReference; lastKnownFileType = sourcecode.c.h; path = "Bus Panda-Bridging-Header.h"; sourceTree = "<group>"; };
		23420A881C8EC7DD009F40F9 /* ErrorPresenter.swift */ = {isa = PBXFileReference; fileEncoding = 4; lastKnownFileType = sourcecode.swift; path = ErrorPresenter.swift; sourceTree = "<group>"; };
		23420A961C92A34E009F40F9 /* watchkit.app */ = {isa = PBXFileReference; explicitFileType = wrapper.application; includeInIndex = 0; path = watchkit.app; sourceTree = BUILT_PRODUCTS_DIR; };
		23420A991C92A34E009F40F9 /* Base */ = {isa = PBXFileReference; lastKnownFileType = file.storyboard; name = Base; path = Base.lproj/Interface.storyboard; sourceTree = "<group>"; };
		23420A9B1C92A34E009F40F9 /* Assets.xcassets */ = {isa = PBXFileReference; lastKnownFileType = folder.assetcatalog; path = Assets.xcassets; sourceTree = "<group>"; };
		23420A9D1C92A34E009F40F9 /* Info.plist */ = {isa = PBXFileReference; lastKnownFileType = text.plist.xml; path = Info.plist; sourceTree = "<group>"; };
		23420AA21C92A34E009F40F9 /* watchkit Extension.appex */ = {isa = PBXFileReference; explicitFileType = "wrapper.app-extension"; includeInIndex = 0; path = "watchkit Extension.appex"; sourceTree = BUILT_PRODUCTS_DIR; };
		23420AA81C92A34E009F40F9 /* PushNotificationPayload.apns */ = {isa = PBXFileReference; lastKnownFileType = text; path = PushNotificationPayload.apns; sourceTree = "<group>"; };
		23420AA91C92A34E009F40F9 /* StopsInterfaceController.swift */ = {isa = PBXFileReference; lastKnownFileType = sourcecode.swift; path = StopsInterfaceController.swift; sourceTree = "<group>"; };
		23420AAB1C92A34E009F40F9 /* ExtensionDelegate.swift */ = {isa = PBXFileReference; lastKnownFileType = sourcecode.swift; path = ExtensionDelegate.swift; sourceTree = "<group>"; };
		23420AAD1C92A34E009F40F9 /* NotificationController.swift */ = {isa = PBXFileReference; lastKnownFileType = sourcecode.swift; path = NotificationController.swift; sourceTree = "<group>"; };
		23420AAF1C92A34E009F40F9 /* GlanceController.swift */ = {isa = PBXFileReference; lastKnownFileType = sourcecode.swift; path = GlanceController.swift; sourceTree = "<group>"; };
		23420AB11C92A34E009F40F9 /* Assets.xcassets */ = {isa = PBXFileReference; lastKnownFileType = folder.assetcatalog; path = Assets.xcassets; sourceTree = "<group>"; };
		23420AB31C92A34E009F40F9 /* Info.plist */ = {isa = PBXFileReference; lastKnownFileType = text.plist.xml; path = Info.plist; sourceTree = "<group>"; };
		235AA1961CA2A055006143B9 /* StopsRowController.swift */ = {isa = PBXFileReference; fileEncoding = 4; lastKnownFileType = sourcecode.swift; path = StopsRowController.swift; sourceTree = "<group>"; };
		236842401CAD3B7600548923 /* StringShortener.swift */ = {isa = PBXFileReference; fileEncoding = 4; lastKnownFileType = sourcecode.swift; path = StringShortener.swift; sourceTree = "<group>"; };
		236842421CAD3E1600548923 /* NearestStopBusInfoFetcher.h */ = {isa = PBXFileReference; fileEncoding = 4; lastKnownFileType = sourcecode.c.h; path = NearestStopBusInfoFetcher.h; sourceTree = "<group>"; };
		236842431CAD3E1600548923 /* NearestStopBusInfoFetcher.m */ = {isa = PBXFileReference; fileEncoding = 4; lastKnownFileType = sourcecode.c.objc; path = NearestStopBusInfoFetcher.m; sourceTree = "<group>"; };
		236FC33B1CAE124E00207C15 /* INTUHeadingRequest.h */ = {isa = PBXFileReference; fileEncoding = 4; lastKnownFileType = sourcecode.c.h; path = INTUHeadingRequest.h; sourceTree = "<group>"; };
		236FC33C1CAE124E00207C15 /* INTUHeadingRequest.m */ = {isa = PBXFileReference; fileEncoding = 4; lastKnownFileType = sourcecode.c.objc; path = INTUHeadingRequest.m; sourceTree = "<group>"; };
		236FC33D1CAE124E00207C15 /* INTULocationManager+Internal.h */ = {isa = PBXFileReference; fileEncoding = 4; lastKnownFileType = sourcecode.c.h; path = "INTULocationManager+Internal.h"; sourceTree = "<group>"; };
		236FC33E1CAE124E00207C15 /* INTULocationManager.h */ = {isa = PBXFileReference; fileEncoding = 4; lastKnownFileType = sourcecode.c.h; path = INTULocationManager.h; sourceTree = "<group>"; };
		236FC33F1CAE124E00207C15 /* INTULocationManager.m */ = {isa = PBXFileReference; fileEncoding = 4; lastKnownFileType = sourcecode.c.objc; path = INTULocationManager.m; sourceTree = "<group>"; };
		236FC3401CAE124E00207C15 /* INTULocationRequest.h */ = {isa = PBXFileReference; fileEncoding = 4; lastKnownFileType = sourcecode.c.h; path = INTULocationRequest.h; sourceTree = "<group>"; };
		236FC3411CAE124E00207C15 /* INTULocationRequest.m */ = {isa = PBXFileReference; fileEncoding = 4; lastKnownFileType = sourcecode.c.objc; path = INTULocationRequest.m; sourceTree = "<group>"; };
		236FC3421CAE124E00207C15 /* INTULocationRequestDefines.h */ = {isa = PBXFileReference; fileEncoding = 4; lastKnownFileType = sourcecode.c.h; path = INTULocationRequestDefines.h; sourceTree = "<group>"; };
		236FC3431CAE124E00207C15 /* INTURequestIDGenerator.h */ = {isa = PBXFileReference; fileEncoding = 4; lastKnownFileType = sourcecode.c.h; path = INTURequestIDGenerator.h; sourceTree = "<group>"; };
		236FC3441CAE124E00207C15 /* INTURequestIDGenerator.m */ = {isa = PBXFileReference; fileEncoding = 4; lastKnownFileType = sourcecode.c.objc; path = INTURequestIDGenerator.m; sourceTree = "<group>"; };
		236FC34A1CAFC98900207C15 /* EditStopDescriptionViewController.h */ = {isa = PBXFileReference; fileEncoding = 4; lastKnownFileType = sourcecode.c.h; path = EditStopDescriptionViewController.h; sourceTree = "<group>"; };
		236FC34B1CAFC98900207C15 /* EditStopDescriptionViewController.m */ = {isa = PBXFileReference; fileEncoding = 4; lastKnownFileType = sourcecode.c.objc; path = EditStopDescriptionViewController.m; sourceTree = "<group>"; };
		236FC34D1CAFDC4A00207C15 /* ShorteningLabel.h */ = {isa = PBXFileReference; fileEncoding = 4; lastKnownFileType = sourcecode.c.h; path = ShorteningLabel.h; sourceTree = "<group>"; };
		236FC34E1CAFDC4A00207C15 /* ShorteningLabel.m */ = {isa = PBXFileReference; fileEncoding = 4; lastKnownFileType = sourcecode.c.objc; path = ShorteningLabel.m; sourceTree = "<group>"; };
		23AB59A21CB088960057688D /* Settings.bundle */ = {isa = PBXFileReference; lastKnownFileType = "wrapper.plug-in"; name = Settings.bundle; path = ../Settings.bundle; sourceTree = "<group>"; };
		23C937961ACDF51E00EF1441 /* TimetableWebViewController.h */ = {isa = PBXFileReference; fileEncoding = 4; lastKnownFileType = sourcecode.c.h; path = TimetableWebViewController.h; sourceTree = "<group>"; };
		23C937971ACDF51E00EF1441 /* TimetableWebViewController.m */ = {isa = PBXFileReference; fileEncoding = 4; lastKnownFileType = sourcecode.c.objc; path = TimetableWebViewController.m; sourceTree = "<group>"; };
		23D75E1B1AC1654B0068C808 /* Bus Panda.app */ = {isa = PBXFileReference; explicitFileType = wrapper.application; includeInIndex = 0; path = "Bus Panda.app"; sourceTree = BUILT_PRODUCTS_DIR; };
		23D75E1F1AC1654B0068C808 /* Info.plist */ = {isa = PBXFileReference; lastKnownFileType = text.plist.xml; path = Info.plist; sourceTree = "<group>"; };
		23D75E201AC1654B0068C808 /* main.m */ = {isa = PBXFileReference; lastKnownFileType = sourcecode.c.objc; path = main.m; sourceTree = "<group>"; };
		23D75E221AC1654B0068C808 /* AppDelegate.h */ = {isa = PBXFileReference; lastKnownFileType = sourcecode.c.h; path = AppDelegate.h; sourceTree = "<group>"; };
		23D75E231AC1654B0068C808 /* AppDelegate.m */ = {isa = PBXFileReference; lastKnownFileType = sourcecode.c.objc; path = AppDelegate.m; sourceTree = "<group>"; };
		23D75E261AC1654B0068C808 /* Bus-Panda.xcdatamodel */ = {isa = PBXFileReference; lastKnownFileType = wrapper.xcdatamodel; path = "Bus-Panda.xcdatamodel"; sourceTree = "<group>"; };
		23D75E281AC1654B0068C808 /* MasterViewController.h */ = {isa = PBXFileReference; lastKnownFileType = sourcecode.c.h; path = MasterViewController.h; sourceTree = "<group>"; };
		23D75E291AC1654B0068C808 /* MasterViewController.m */ = {isa = PBXFileReference; lastKnownFileType = sourcecode.c.objc; path = MasterViewController.m; sourceTree = "<group>"; };
		23D75E2B1AC1654B0068C808 /* DetailViewController.h */ = {isa = PBXFileReference; lastKnownFileType = sourcecode.c.h; path = DetailViewController.h; sourceTree = "<group>"; };
		23D75E2C1AC1654B0068C808 /* DetailViewController.m */ = {isa = PBXFileReference; lastKnownFileType = sourcecode.c.objc; path = DetailViewController.m; sourceTree = "<group>"; };
		23D75E2F1AC1654B0068C808 /* Base */ = {isa = PBXFileReference; lastKnownFileType = file.storyboard; name = Base; path = Base.lproj/Main.storyboard; sourceTree = "<group>"; };
		23D75E311AC1654B0068C808 /* Images.xcassets */ = {isa = PBXFileReference; lastKnownFileType = folder.assetcatalog; path = Images.xcassets; sourceTree = "<group>"; };
		23D75E341AC1654B0068C808 /* Base */ = {isa = PBXFileReference; lastKnownFileType = file.xib; name = Base; path = Base.lproj/LaunchScreen.xib; sourceTree = "<group>"; };
		23D75E3A1AC1654B0068C808 /* BusTests.xctest */ = {isa = PBXFileReference; explicitFileType = wrapper.cfbundle; includeInIndex = 0; path = BusTests.xctest; sourceTree = BUILT_PRODUCTS_DIR; };
		23D75E3F1AC1654B0068C808 /* Info.plist */ = {isa = PBXFileReference; lastKnownFileType = text.plist.xml; path = Info.plist; sourceTree = "<group>"; };
		23D75E401AC1654B0068C808 /* BusTests.m */ = {isa = PBXFileReference; lastKnownFileType = sourcecode.c.objc; path = BusTests.m; sourceTree = "<group>"; };
		23D75E4C1AC165A70068C808 /* HTMLComment.h */ = {isa = PBXFileReference; fileEncoding = 4; lastKnownFileType = sourcecode.c.h; path = HTMLComment.h; sourceTree = "<group>"; };
		23D75E4D1AC165A70068C808 /* HTMLComment.m */ = {isa = PBXFileReference; fileEncoding = 4; lastKnownFileType = sourcecode.c.objc; path = HTMLComment.m; sourceTree = "<group>"; };
		23D75E4E1AC165A70068C808 /* HTMLDocument.h */ = {isa = PBXFileReference; fileEncoding = 4; lastKnownFileType = sourcecode.c.h; path = HTMLDocument.h; sourceTree = "<group>"; };
		23D75E4F1AC165A70068C808 /* HTMLDocument.m */ = {isa = PBXFileReference; fileEncoding = 4; lastKnownFileType = sourcecode.c.objc; path = HTMLDocument.m; sourceTree = "<group>"; };
		23D75E501AC165A70068C808 /* HTMLDocumentType.h */ = {isa = PBXFileReference; fileEncoding = 4; lastKnownFileType = sourcecode.c.h; path = HTMLDocumentType.h; sourceTree = "<group>"; };
		23D75E511AC165A70068C808 /* HTMLDocumentType.m */ = {isa = PBXFileReference; fileEncoding = 4; lastKnownFileType = sourcecode.c.objc; path = HTMLDocumentType.m; sourceTree = "<group>"; };
		23D75E521AC165A70068C808 /* HTMLElement.h */ = {isa = PBXFileReference; fileEncoding = 4; lastKnownFileType = sourcecode.c.h; path = HTMLElement.h; sourceTree = "<group>"; };
		23D75E531AC165A70068C808 /* HTMLElement.m */ = {isa = PBXFileReference; fileEncoding = 4; lastKnownFileType = sourcecode.c.objc; path = HTMLElement.m; sourceTree = "<group>"; };
		23D75E541AC165A70068C808 /* HTMLEncoding.h */ = {isa = PBXFileReference; fileEncoding = 4; lastKnownFileType = sourcecode.c.h; path = HTMLEncoding.h; sourceTree = "<group>"; };
		23D75E551AC165A70068C808 /* HTMLEncoding.m */ = {isa = PBXFileReference; fileEncoding = 4; lastKnownFileType = sourcecode.c.objc; path = HTMLEncoding.m; sourceTree = "<group>"; };
		23D75E561AC165A70068C808 /* HTMLEntities.h */ = {isa = PBXFileReference; fileEncoding = 4; lastKnownFileType = sourcecode.c.h; path = HTMLEntities.h; sourceTree = "<group>"; };
		23D75E571AC165A70068C808 /* HTMLEntities.m */ = {isa = PBXFileReference; fileEncoding = 4; lastKnownFileType = sourcecode.c.objc; path = HTMLEntities.m; sourceTree = "<group>"; };
		23D75E581AC165A70068C808 /* HTMLNamespace.h */ = {isa = PBXFileReference; fileEncoding = 4; lastKnownFileType = sourcecode.c.h; path = HTMLNamespace.h; sourceTree = "<group>"; };
		23D75E591AC165A70068C808 /* HTMLNode.h */ = {isa = PBXFileReference; fileEncoding = 4; lastKnownFileType = sourcecode.c.h; path = HTMLNode.h; sourceTree = "<group>"; };
		23D75E5A1AC165A70068C808 /* HTMLNode.m */ = {isa = PBXFileReference; fileEncoding = 4; lastKnownFileType = sourcecode.c.objc; path = HTMLNode.m; sourceTree = "<group>"; };
		23D75E5B1AC165A70068C808 /* HTMLOrderedDictionary.h */ = {isa = PBXFileReference; fileEncoding = 4; lastKnownFileType = sourcecode.c.h; path = HTMLOrderedDictionary.h; sourceTree = "<group>"; };
		23D75E5C1AC165A70068C808 /* HTMLOrderedDictionary.m */ = {isa = PBXFileReference; fileEncoding = 4; lastKnownFileType = sourcecode.c.objc; path = HTMLOrderedDictionary.m; sourceTree = "<group>"; };
		23D75E5D1AC165A70068C808 /* HTMLParser.h */ = {isa = PBXFileReference; fileEncoding = 4; lastKnownFileType = sourcecode.c.h; path = HTMLParser.h; sourceTree = "<group>"; };
		23D75E5E1AC165A70068C808 /* HTMLParser.m */ = {isa = PBXFileReference; fileEncoding = 4; lastKnownFileType = sourcecode.c.objc; path = HTMLParser.m; sourceTree = "<group>"; };
		23D75E5F1AC165A70068C808 /* HTMLPreprocessedInputStream.h */ = {isa = PBXFileReference; fileEncoding = 4; lastKnownFileType = sourcecode.c.h; path = HTMLPreprocessedInputStream.h; sourceTree = "<group>"; };
		23D75E601AC165A70068C808 /* HTMLPreprocessedInputStream.m */ = {isa = PBXFileReference; fileEncoding = 4; lastKnownFileType = sourcecode.c.objc; path = HTMLPreprocessedInputStream.m; sourceTree = "<group>"; };
		23D75E611AC165A70068C808 /* HTMLQuirksMode.h */ = {isa = PBXFileReference; fileEncoding = 4; lastKnownFileType = sourcecode.c.h; path = HTMLQuirksMode.h; sourceTree = "<group>"; };
		23D75E621AC165A70068C808 /* HTMLReader.h */ = {isa = PBXFileReference; fileEncoding = 4; lastKnownFileType = sourcecode.c.h; path = HTMLReader.h; sourceTree = "<group>"; };
		23D75E631AC165A70068C808 /* HTMLSelector.h */ = {isa = PBXFileReference; fileEncoding = 4; lastKnownFileType = sourcecode.c.h; path = HTMLSelector.h; sourceTree = "<group>"; };
		23D75E641AC165A70068C808 /* HTMLSelector.m */ = {isa = PBXFileReference; fileEncoding = 4; lastKnownFileType = sourcecode.c.objc; path = HTMLSelector.m; sourceTree = "<group>"; };
		23D75E651AC165A70068C808 /* HTMLSerialization.h */ = {isa = PBXFileReference; fileEncoding = 4; lastKnownFileType = sourcecode.c.h; path = HTMLSerialization.h; sourceTree = "<group>"; };
		23D75E661AC165A70068C808 /* HTMLSerialization.m */ = {isa = PBXFileReference; fileEncoding = 4; lastKnownFileType = sourcecode.c.objc; path = HTMLSerialization.m; sourceTree = "<group>"; };
		23D75E671AC165A70068C808 /* HTMLString.h */ = {isa = PBXFileReference; fileEncoding = 4; lastKnownFileType = sourcecode.c.h; path = HTMLString.h; sourceTree = "<group>"; };
		23D75E681AC165A70068C808 /* HTMLString.m */ = {isa = PBXFileReference; fileEncoding = 4; lastKnownFileType = sourcecode.c.objc; path = HTMLString.m; sourceTree = "<group>"; };
		23D75E691AC165A70068C808 /* HTMLSupport.h */ = {isa = PBXFileReference; fileEncoding = 4; lastKnownFileType = sourcecode.c.h; path = HTMLSupport.h; sourceTree = "<group>"; };
		23D75E6A1AC165A70068C808 /* HTMLTextNode.h */ = {isa = PBXFileReference; fileEncoding = 4; lastKnownFileType = sourcecode.c.h; path = HTMLTextNode.h; sourceTree = "<group>"; };
		23D75E6B1AC165A70068C808 /* HTMLTextNode.m */ = {isa = PBXFileReference; fileEncoding = 4; lastKnownFileType = sourcecode.c.objc; path = HTMLTextNode.m; sourceTree = "<group>"; };
		23D75E6C1AC165A70068C808 /* HTMLTokenizer.h */ = {isa = PBXFileReference; fileEncoding = 4; lastKnownFileType = sourcecode.c.h; path = HTMLTokenizer.h; sourceTree = "<group>"; };
		23D75E6D1AC165A70068C808 /* HTMLTokenizer.m */ = {isa = PBXFileReference; fileEncoding = 4; lastKnownFileType = sourcecode.c.objc; path = HTMLTokenizer.m; sourceTree = "<group>"; };
		23D75E6E1AC165A70068C808 /* HTMLTokenizerState.h */ = {isa = PBXFileReference; fileEncoding = 4; lastKnownFileType = sourcecode.c.h; path = HTMLTokenizerState.h; sourceTree = "<group>"; };
		23D75E6F1AC165A70068C808 /* HTMLTreeEnumerator.h */ = {isa = PBXFileReference; fileEncoding = 4; lastKnownFileType = sourcecode.c.h; path = HTMLTreeEnumerator.h; sourceTree = "<group>"; };
		23D75E701AC165A70068C808 /* HTMLTreeEnumerator.m */ = {isa = PBXFileReference; fileEncoding = 4; lastKnownFileType = sourcecode.c.objc; path = HTMLTreeEnumerator.m; sourceTree = "<group>"; };
		23D75E711AC165A70068C808 /* NSString+HTMLEntities.h */ = {isa = PBXFileReference; fileEncoding = 4; lastKnownFileType = sourcecode.c.h; path = "NSString+HTMLEntities.h"; sourceTree = "<group>"; };
		23D75E721AC165A70068C808 /* NSString+HTMLEntities.m */ = {isa = PBXFileReference; fileEncoding = 4; lastKnownFileType = sourcecode.c.objc; path = "NSString+HTMLEntities.m"; sourceTree = "<group>"; };
		23D75E841AC165E20068C808 /* Bus-Panda.entitlements */ = {isa = PBXFileReference; lastKnownFileType = text.xml; path = "Bus-Panda.entitlements"; sourceTree = "<group>"; };
		23E102641C1D0AA300BEF3C6 /* StopMapViewController.h */ = {isa = PBXFileReference; fileEncoding = 4; lastKnownFileType = sourcecode.c.h; path = StopMapViewController.h; sourceTree = "<group>"; };
		23E102651C1D0AA300BEF3C6 /* StopMapViewController.m */ = {isa = PBXFileReference; fileEncoding = 4; lastKnownFileType = sourcecode.c.objc; path = StopMapViewController.m; sourceTree = "<group>"; };
		23E102671C1D0B7C00BEF3C6 /* AddStopAbstractViewController.h */ = {isa = PBXFileReference; fileEncoding = 4; lastKnownFileType = sourcecode.c.h; path = AddStopAbstractViewController.h; sourceTree = "<group>"; };
		23E102681C1D0B7C00BEF3C6 /* AddStopAbstractViewController.m */ = {isa = PBXFileReference; fileEncoding = 4; lastKnownFileType = sourcecode.c.objc; path = AddStopAbstractViewController.m; sourceTree = "<group>"; };
		23E1026A1C1D21EA00BEF3C6 /* MapKit.framework */ = {isa = PBXFileReference; lastKnownFileType = wrapper.framework; name = MapKit.framework; path = System/Library/Frameworks/MapKit.framework; sourceTree = SDKROOT; };
		23E1026C1C1D2A7100BEF3C6 /* UsefulTypes.h */ = {isa = PBXFileReference; lastKnownFileType = sourcecode.c.h; path = UsefulTypes.h; sourceTree = "<group>"; };
		23E1026D1C1D3A8700BEF3C6 /* StopLocation.h */ = {isa = PBXFileReference; fileEncoding = 4; lastKnownFileType = sourcecode.c.h; path = StopLocation.h; sourceTree = "<group>"; };
		23E1026E1C1D3A8700BEF3C6 /* StopLocation.m */ = {isa = PBXFileReference; fileEncoding = 4; lastKnownFileType = sourcecode.c.objc; path = StopLocation.m; sourceTree = "<group>"; };
		23E3415D1CA681A000EDB581 /* BusesInterfaceController.swift */ = {isa = PBXFileReference; fileEncoding = 4; lastKnownFileType = sourcecode.swift; path = BusesInterfaceController.swift; sourceTree = "<group>"; };
		23E3415F1CA68F5F00EDB581 /* BusesRowController.swift */ = {isa = PBXFileReference; fileEncoding = 4; lastKnownFileType = sourcecode.swift; path = BusesRowController.swift; sourceTree = "<group>"; };
		23E341621CA6915100EDB581 /* RouteColours.swift */ = {isa = PBXFileReference; fileEncoding = 4; lastKnownFileType = sourcecode.swift; name = RouteColours.swift; path = Bus/RouteColours.swift; sourceTree = "<group>"; };
		23E341671CA79F1A00EDB581 /* BusInfoFetcher.h */ = {isa = PBXFileReference; fileEncoding = 4; lastKnownFileType = sourcecode.c.h; path = BusInfoFetcher.h; sourceTree = "<group>"; };
		23E341681CA79F1A00EDB581 /* BusInfoFetcher.m */ = {isa = PBXFileReference; fileEncoding = 4; lastKnownFileType = sourcecode.c.objc; path = BusInfoFetcher.m; sourceTree = "<group>"; };
		23E3416F1CABACB800EDB581 /* Info.plist */ = {isa = PBXFileReference; fileEncoding = 4; lastKnownFileType = text.plist.xml; path = Info.plist; sourceTree = "<group>"; };
		23E341701CABACB800EDB581 /* LICENSE */ = {isa = PBXFileReference; fileEncoding = 4; lastKnownFileType = text; path = LICENSE; sourceTree = "<group>"; };
		23E341711CABACB800EDB581 /* MGSwipeButton.h */ = {isa = PBXFileReference; fileEncoding = 4; lastKnownFileType = sourcecode.c.h; path = MGSwipeButton.h; sourceTree = "<group>"; };
		23E341721CABACB800EDB581 /* MGSwipeButton.m */ = {isa = PBXFileReference; fileEncoding = 4; lastKnownFileType = sourcecode.c.objc; path = MGSwipeButton.m; sourceTree = "<group>"; };
		23E341731CABACB800EDB581 /* MGSwipeTableCell.h */ = {isa = PBXFileReference; fileEncoding = 4; lastKnownFileType = sourcecode.c.h; path = MGSwipeTableCell.h; sourceTree = "<group>"; };
		23E341741CABACB800EDB581 /* MGSwipeTableCell.m */ = {isa = PBXFileReference; fileEncoding = 4; lastKnownFileType = sourcecode.c.objc; path = MGSwipeTableCell.m; sourceTree = "<group>"; };
		23E341791CABD2E900EDB581 /* StopInfoFetcher.h */ = {isa = PBXFileReference; fileEncoding = 4; lastKnownFileType = sourcecode.c.h; path = StopInfoFetcher.h; sourceTree = "<group>"; };
		23E3417A1CABD2E900EDB581 /* StopInfoFetcher.m */ = {isa = PBXFileReference; fileEncoding = 4; lastKnownFileType = sourcecode.c.objc; path = StopInfoFetcher.m; sourceTree = "<group>"; };
/* End PBXFileReference section */

/* Begin PBXFrameworksBuildPhase section */
		23420A9F1C92A34E009F40F9 /* Frameworks */ = {
			isa = PBXFrameworksBuildPhase;
			buildActionMask = 2147483647;
			files = (
			);
			runOnlyForDeploymentPostprocessing = 0;
		};
		23D75E181AC1654B0068C808 /* Frameworks */ = {
			isa = PBXFrameworksBuildPhase;
			buildActionMask = 2147483647;
			files = (
				233CD79C1C37AB8000E0B6D6 /* MapKit.framework in Frameworks */,
			);
			runOnlyForDeploymentPostprocessing = 0;
		};
		23D75E371AC1654B0068C808 /* Frameworks */ = {
			isa = PBXFrameworksBuildPhase;
			buildActionMask = 2147483647;
			files = (
			);
			runOnlyForDeploymentPostprocessing = 0;
		};
/* End PBXFrameworksBuildPhase section */

/* Begin PBXGroup section */
		23420A971C92A34E009F40F9 /* Bus Panda Watch App */ = {
			isa = PBXGroup;
			children = (
				23420A981C92A34E009F40F9 /* Interface.storyboard */,
				23420A9B1C92A34E009F40F9 /* Assets.xcassets */,
				23420A9D1C92A34E009F40F9 /* Info.plist */,
			);
			name = "Bus Panda Watch App";
			path = watchkit;
			sourceTree = "<group>";
		};
		23420AA61C92A34E009F40F9 /* Bus Panda WatchKit Extension */ = {
			isa = PBXGroup;
			children = (
				23420AAB1C92A34E009F40F9 /* ExtensionDelegate.swift */,
				23420AA91C92A34E009F40F9 /* StopsInterfaceController.swift */,
				235AA1961CA2A055006143B9 /* StopsRowController.swift */,
				23E3415D1CA681A000EDB581 /* BusesInterfaceController.swift */,
				23E3415F1CA68F5F00EDB581 /* BusesRowController.swift */,
				23420AAD1C92A34E009F40F9 /* NotificationController.swift */,
				23420AAF1C92A34E009F40F9 /* GlanceController.swift */,
				236842401CAD3B7600548923 /* StringShortener.swift */,
				23420AB11C92A34E009F40F9 /* Assets.xcassets */,
				23420AB31C92A34E009F40F9 /* Info.plist */,
				23420AA71C92A34E009F40F9 /* Supporting Files */,
			);
			name = "Bus Panda WatchKit Extension";
			path = "watchkit Extension";
			sourceTree = "<group>";
		};
		23420AA71C92A34E009F40F9 /* Supporting Files */ = {
			isa = PBXGroup;
			children = (
				23420AA81C92A34E009F40F9 /* PushNotificationPayload.apns */,
			);
			name = "Supporting Files";
			sourceTree = "<group>";
		};
		236FC33A1CAE124E00207C15 /* INTULocationManager */ = {
			isa = PBXGroup;
			children = (
				236FC33B1CAE124E00207C15 /* INTUHeadingRequest.h */,
				236FC33C1CAE124E00207C15 /* INTUHeadingRequest.m */,
				236FC33D1CAE124E00207C15 /* INTULocationManager+Internal.h */,
				236FC33E1CAE124E00207C15 /* INTULocationManager.h */,
				236FC33F1CAE124E00207C15 /* INTULocationManager.m */,
				236FC3401CAE124E00207C15 /* INTULocationRequest.h */,
				236FC3411CAE124E00207C15 /* INTULocationRequest.m */,
				236FC3421CAE124E00207C15 /* INTULocationRequestDefines.h */,
				236FC3431CAE124E00207C15 /* INTURequestIDGenerator.h */,
				236FC3441CAE124E00207C15 /* INTURequestIDGenerator.m */,
			);
			path = INTULocationManager;
			sourceTree = "<group>";
		};
		23AB59A11CB087070057688D /* Resources & Models */ = {
			isa = PBXGroup;
			children = (
				23D75E2E1AC1654B0068C808 /* Main.storyboard */,
				23D75E331AC1654B0068C808 /* LaunchScreen.xib */,
				23D75E311AC1654B0068C808 /* Images.xcassets */,
				23AB59A21CB088960057688D /* Settings.bundle */,
				23D75E251AC1654B0068C808 /* Bus-Panda.xcdatamodeld */,
				23D75E841AC165E20068C808 /* Bus-Panda.entitlements */,
			);
			name = "Resources & Models";
			sourceTree = "<group>";
		};
		23AB59A41CB08AFD0057688D /* Code */ = {
			isa = PBXGroup;
			children = (
				23D75E221AC1654B0068C808 /* AppDelegate.h */,
				23D75E231AC1654B0068C808 /* AppDelegate.m */,
				23D75E281AC1654B0068C808 /* MasterViewController.h */,
				23D75E291AC1654B0068C808 /* MasterViewController.m */,
				23D75E2B1AC1654B0068C808 /* DetailViewController.h */,
				23D75E2C1AC1654B0068C808 /* DetailViewController.m */,
				23E1026C1C1D2A7100BEF3C6 /* UsefulTypes.h */,
				233CD79D1C3BDB7D00E0B6D6 /* ErrorPresenter.h */,
				23420A881C8EC7DD009F40F9 /* ErrorPresenter.swift */,
				23063B031ACBF0BC00C063DC /* FavouritesCell.h */,
				23063B041ACBF0BC00C063DC /* FavouritesCell.m */,
				23063AF81AC7DAAC00C063DC /* ServiceDescriptionCell.h */,
				23063AF91AC7DAAC00C063DC /* ServiceDescriptionCell.m */,
				23E341671CA79F1A00EDB581 /* BusInfoFetcher.h */,
				23E341681CA79F1A00EDB581 /* BusInfoFetcher.m */,
				23E341791CABD2E900EDB581 /* StopInfoFetcher.h */,
				23E3417A1CABD2E900EDB581 /* StopInfoFetcher.m */,
				236842421CAD3E1600548923 /* NearestStopBusInfoFetcher.h */,
				236842431CAD3E1600548923 /* NearestStopBusInfoFetcher.m */,
				23C937961ACDF51E00EF1441 /* TimetableWebViewController.h */,
				23C937971ACDF51E00EF1441 /* TimetableWebViewController.m */,
				23E102671C1D0B7C00BEF3C6 /* AddStopAbstractViewController.h */,
				23E102681C1D0B7C00BEF3C6 /* AddStopAbstractViewController.m */,
				23063AF51AC7A4C800C063DC /* EnterStopIDViewController.h */,
				23063AF61AC7A4C800C063DC /* EnterStopIDViewController.m */,
				236FC34A1CAFC98900207C15 /* EditStopDescriptionViewController.h */,
				236FC34B1CAFC98900207C15 /* EditStopDescriptionViewController.m */,
				23E102641C1D0AA300BEF3C6 /* StopMapViewController.h */,
				23E102651C1D0AA300BEF3C6 /* StopMapViewController.m */,
				236FC34D1CAFDC4A00207C15 /* ShorteningLabel.h */,
				236FC34E1CAFDC4A00207C15 /* ShorteningLabel.m */,
				23E1026D1C1D3A8700BEF3C6 /* StopLocation.h */,
				23E1026E1C1D3A8700BEF3C6 /* StopLocation.m */,
			);
			name = Code;
			sourceTree = "<group>";
		};
		23D75E121AC1654B0068C808 = {
			isa = PBXGroup;
			children = (
				23D75E4A1AC165920068C808 /* Third Party */,
				23E341611CA690EC00EDB581 /* Shared */,
				23D75E1D1AC1654B0068C808 /* Bus Panda */,
				23420AA61C92A34E009F40F9 /* Bus Panda WatchKit Extension */,
				23420A971C92A34E009F40F9 /* Bus Panda Watch App */,
				23D75E3D1AC1654B0068C808 /* Bus Panda Tests */,
				23D75E1C1AC1654B0068C808 /* Products */,
			);
			sourceTree = "<group>";
		};
		23D75E1C1AC1654B0068C808 /* Products */ = {
			isa = PBXGroup;
			children = (
				23D75E1B1AC1654B0068C808 /* Bus Panda.app */,
				23D75E3A1AC1654B0068C808 /* BusTests.xctest */,
				23420A961C92A34E009F40F9 /* watchkit.app */,
				23420AA21C92A34E009F40F9 /* watchkit Extension.appex */,
			);
			name = Products;
			sourceTree = "<group>";
		};
		23D75E1D1AC1654B0068C808 /* Bus Panda */ = {
			isa = PBXGroup;
			children = (
				23AB59A41CB08AFD0057688D /* Code */,
				23AB59A11CB087070057688D /* Resources & Models */,
				23D75E1E1AC1654B0068C808 /* Supporting Files */,
			);
			name = "Bus Panda";
			path = Bus;
			sourceTree = "<group>";
		};
		23D75E1E1AC1654B0068C808 /* Supporting Files */ = {
			isa = PBXGroup;
			children = (
				23D75E1F1AC1654B0068C808 /* Info.plist */,
				23D75E201AC1654B0068C808 /* main.m */,
				23420A871C8EC7DC009F40F9 /* Bus Panda-Bridging-Header.h */,
				23E1026A1C1D21EA00BEF3C6 /* MapKit.framework */,
			);
			name = "Supporting Files";
			sourceTree = "<group>";
		};
		23D75E3D1AC1654B0068C808 /* Bus Panda Tests */ = {
			isa = PBXGroup;
			children = (
				23D75E401AC1654B0068C808 /* BusTests.m */,
				23D75E3E1AC1654B0068C808 /* Supporting Files */,
			);
			name = "Bus Panda Tests";
			path = BusTests;
			sourceTree = "<group>";
		};
		23D75E3E1AC1654B0068C808 /* Supporting Files */ = {
			isa = PBXGroup;
			children = (
				23D75E3F1AC1654B0068C808 /* Info.plist */,
			);
			name = "Supporting Files";
			sourceTree = "<group>";
		};
		23D75E4A1AC165920068C808 /* Third Party */ = {
			isa = PBXGroup;
			children = (
				23D75E4B1AC165A70068C808 /* HTMLReader */,
				23E3416E1CABACB800EDB581 /* MGSwipeTableCell */,
				236FC33A1CAE124E00207C15 /* INTULocationManager */,
			);
			name = "Third Party";
			sourceTree = "<group>";
		};
		23D75E4B1AC165A70068C808 /* HTMLReader */ = {
			isa = PBXGroup;
			children = (
				23D75E4C1AC165A70068C808 /* HTMLComment.h */,
				23D75E4D1AC165A70068C808 /* HTMLComment.m */,
				23D75E4E1AC165A70068C808 /* HTMLDocument.h */,
				23D75E4F1AC165A70068C808 /* HTMLDocument.m */,
				23D75E501AC165A70068C808 /* HTMLDocumentType.h */,
				23D75E511AC165A70068C808 /* HTMLDocumentType.m */,
				23D75E521AC165A70068C808 /* HTMLElement.h */,
				23D75E531AC165A70068C808 /* HTMLElement.m */,
				23D75E541AC165A70068C808 /* HTMLEncoding.h */,
				23D75E551AC165A70068C808 /* HTMLEncoding.m */,
				23D75E561AC165A70068C808 /* HTMLEntities.h */,
				23D75E571AC165A70068C808 /* HTMLEntities.m */,
				23D75E581AC165A70068C808 /* HTMLNamespace.h */,
				23D75E591AC165A70068C808 /* HTMLNode.h */,
				23D75E5A1AC165A70068C808 /* HTMLNode.m */,
				23D75E5B1AC165A70068C808 /* HTMLOrderedDictionary.h */,
				23D75E5C1AC165A70068C808 /* HTMLOrderedDictionary.m */,
				23D75E5D1AC165A70068C808 /* HTMLParser.h */,
				23D75E5E1AC165A70068C808 /* HTMLParser.m */,
				23D75E5F1AC165A70068C808 /* HTMLPreprocessedInputStream.h */,
				23D75E601AC165A70068C808 /* HTMLPreprocessedInputStream.m */,
				23D75E611AC165A70068C808 /* HTMLQuirksMode.h */,
				23D75E621AC165A70068C808 /* HTMLReader.h */,
				23D75E631AC165A70068C808 /* HTMLSelector.h */,
				23D75E641AC165A70068C808 /* HTMLSelector.m */,
				23D75E651AC165A70068C808 /* HTMLSerialization.h */,
				23D75E661AC165A70068C808 /* HTMLSerialization.m */,
				23D75E671AC165A70068C808 /* HTMLString.h */,
				23D75E681AC165A70068C808 /* HTMLString.m */,
				23D75E691AC165A70068C808 /* HTMLSupport.h */,
				23D75E6A1AC165A70068C808 /* HTMLTextNode.h */,
				23D75E6B1AC165A70068C808 /* HTMLTextNode.m */,
				23D75E6C1AC165A70068C808 /* HTMLTokenizer.h */,
				23D75E6D1AC165A70068C808 /* HTMLTokenizer.m */,
				23D75E6E1AC165A70068C808 /* HTMLTokenizerState.h */,
				23D75E6F1AC165A70068C808 /* HTMLTreeEnumerator.h */,
				23D75E701AC165A70068C808 /* HTMLTreeEnumerator.m */,
				23D75E711AC165A70068C808 /* NSString+HTMLEntities.h */,
				23D75E721AC165A70068C808 /* NSString+HTMLEntities.m */,
			);
			name = HTMLReader;
			path = HTMLReader/Code;
			sourceTree = "<group>";
		};
		23E341611CA690EC00EDB581 /* Shared */ = {
			isa = PBXGroup;
			children = (
				23E341621CA6915100EDB581 /* RouteColours.swift */,
			);
			name = Shared;
			sourceTree = "<group>";
		};
		23E3416E1CABACB800EDB581 /* MGSwipeTableCell */ = {
			isa = PBXGroup;
			children = (
				23E3416F1CABACB800EDB581 /* Info.plist */,
				23E341701CABACB800EDB581 /* LICENSE */,
				23E341711CABACB800EDB581 /* MGSwipeButton.h */,
				23E341721CABACB800EDB581 /* MGSwipeButton.m */,
				23E341731CABACB800EDB581 /* MGSwipeTableCell.h */,
				23E341741CABACB800EDB581 /* MGSwipeTableCell.m */,
			);
			path = MGSwipeTableCell;
			sourceTree = "<group>";
		};
/* End PBXGroup section */

/* Begin PBXNativeTarget section */
		23420A951C92A34E009F40F9 /* watchkit */ = {
			isa = PBXNativeTarget;
			buildConfigurationList = 23420ABB1C92A34F009F40F9 /* Build configuration list for PBXNativeTarget "watchkit" */;
			buildPhases = (
				23420A941C92A34E009F40F9 /* Resources */,
				23420ABA1C92A34F009F40F9 /* Embed App Extensions */,
			);
			buildRules = (
			);
			dependencies = (
				23420AA51C92A34E009F40F9 /* PBXTargetDependency */,
			);
			name = watchkit;
			productName = watchkit;
			productReference = 23420A961C92A34E009F40F9 /* watchkit.app */;
			productType = "com.apple.product-type.application.watchapp2";
		};
		23420AA11C92A34E009F40F9 /* watchkit Extension */ = {
			isa = PBXNativeTarget;
			buildConfigurationList = 23420AB71C92A34F009F40F9 /* Build configuration list for PBXNativeTarget "watchkit Extension" */;
			buildPhases = (
				23420A9E1C92A34E009F40F9 /* Sources */,
				23420A9F1C92A34E009F40F9 /* Frameworks */,
				23420AA01C92A34E009F40F9 /* Resources */,
			);
			buildRules = (
			);
			dependencies = (
			);
			name = "watchkit Extension";
			productName = "watchkit Extension";
			productReference = 23420AA21C92A34E009F40F9 /* watchkit Extension.appex */;
			productType = "com.apple.product-type.watchkit2-extension";
		};
		23D75E1A1AC1654B0068C808 /* Bus Panda */ = {
			isa = PBXNativeTarget;
			buildConfigurationList = 23D75E441AC1654B0068C808 /* Build configuration list for PBXNativeTarget "Bus Panda" */;
			buildPhases = (
				23D75E171AC1654B0068C808 /* Sources */,
				23D75E181AC1654B0068C808 /* Frameworks */,
				23D75E191AC1654B0068C808 /* Resources */,
				23420ABE1C92A34F009F40F9 /* Embed Watch Content */,
			);
			buildRules = (
			);
			dependencies = (
				23420AB51C92A34E009F40F9 /* PBXTargetDependency */,
			);
			name = "Bus Panda";
			productName = Bus;
			productReference = 23D75E1B1AC1654B0068C808 /* Bus Panda.app */;
			productType = "com.apple.product-type.application";
		};
		23D75E391AC1654B0068C808 /* BusTests */ = {
			isa = PBXNativeTarget;
			buildConfigurationList = 23D75E471AC1654B0068C808 /* Build configuration list for PBXNativeTarget "BusTests" */;
			buildPhases = (
				23D75E361AC1654B0068C808 /* Sources */,
				23D75E371AC1654B0068C808 /* Frameworks */,
				23D75E381AC1654B0068C808 /* Resources */,
			);
			buildRules = (
			);
			dependencies = (
				23D75E3C1AC1654B0068C808 /* PBXTargetDependency */,
			);
			name = BusTests;
			productName = BusTests;
			productReference = 23D75E3A1AC1654B0068C808 /* BusTests.xctest */;
			productType = "com.apple.product-type.bundle.unit-test";
		};
/* End PBXNativeTarget section */

/* Begin PBXProject section */
		23D75E131AC1654B0068C808 /* Project object */ = {
			isa = PBXProject;
			attributes = {
				LastSwiftUpdateCheck = 0720;
				LastUpgradeCheck = 0700;
				ORGANIZATIONNAME = "Andrew Hodgkinson";
				TargetAttributes = {
					23420A951C92A34E009F40F9 = {
						CreatedOnToolsVersion = 7.2.1;
						DevelopmentTeam = XT4V976D8Y;
					};
					23420AA11C92A34E009F40F9 = {
						CreatedOnToolsVersion = 7.2.1;
						DevelopmentTeam = XT4V976D8Y;
					};
					23D75E1A1AC1654B0068C808 = {
						CreatedOnToolsVersion = 6.2;
						DevelopmentTeam = XT4V976D8Y;
						SystemCapabilities = {
							com.apple.BackgroundModes = {
								enabled = 1;
							};
							com.apple.GameCenter = {
								enabled = 0;
							};
							com.apple.Maps.iOS = {
								enabled = 1;
							};
							com.apple.iCloud = {
								enabled = 1;
							};
						};
					};
					23D75E391AC1654B0068C808 = {
						CreatedOnToolsVersion = 6.2;
						TestTargetID = 23D75E1A1AC1654B0068C808;
					};
				};
			};
			buildConfigurationList = 23D75E161AC1654B0068C808 /* Build configuration list for PBXProject "Bus Panda" */;
			compatibilityVersion = "Xcode 3.2";
			developmentRegion = English;
			hasScannedForEncodings = 0;
			knownRegions = (
				en,
				Base,
			);
			mainGroup = 23D75E121AC1654B0068C808;
			productRefGroup = 23D75E1C1AC1654B0068C808 /* Products */;
			projectDirPath = "";
			projectRoot = "";
			targets = (
				23D75E1A1AC1654B0068C808 /* Bus Panda */,
				23D75E391AC1654B0068C808 /* BusTests */,
				23420A951C92A34E009F40F9 /* watchkit */,
				23420AA11C92A34E009F40F9 /* watchkit Extension */,
			);
		};
/* End PBXProject section */

/* Begin PBXResourcesBuildPhase section */
		23420A941C92A34E009F40F9 /* Resources */ = {
			isa = PBXResourcesBuildPhase;
			buildActionMask = 2147483647;
			files = (
				23420A9C1C92A34E009F40F9 /* Assets.xcassets in Resources */,
				23420A9A1C92A34E009F40F9 /* Interface.storyboard in Resources */,
			);
			runOnlyForDeploymentPostprocessing = 0;
		};
		23420AA01C92A34E009F40F9 /* Resources */ = {
			isa = PBXResourcesBuildPhase;
			buildActionMask = 2147483647;
			files = (
				23420AB21C92A34E009F40F9 /* Assets.xcassets in Resources */,
			);
			runOnlyForDeploymentPostprocessing = 0;
		};
		23D75E191AC1654B0068C808 /* Resources */ = {
			isa = PBXResourcesBuildPhase;
			buildActionMask = 2147483647;
			files = (
				23E341751CABACB800EDB581 /* Info.plist in Resources */,
				23D75E301AC1654B0068C808 /* Main.storyboard in Resources */,
				23D75E351AC1654B0068C808 /* LaunchScreen.xib in Resources */,
				23D75E321AC1654B0068C808 /* Images.xcassets in Resources */,
				23AB59A31CB088960057688D /* Settings.bundle in Resources */,
				23E341761CABACB800EDB581 /* LICENSE in Resources */,
			);
			runOnlyForDeploymentPostprocessing = 0;
		};
		23D75E381AC1654B0068C808 /* Resources */ = {
			isa = PBXResourcesBuildPhase;
			buildActionMask = 2147483647;
			files = (
			);
			runOnlyForDeploymentPostprocessing = 0;
		};
/* End PBXResourcesBuildPhase section */

/* Begin PBXSourcesBuildPhase section */
		23420A9E1C92A34E009F40F9 /* Sources */ = {
			isa = PBXSourcesBuildPhase;
			buildActionMask = 2147483647;
			files = (
				235AA1981CA2A272006143B9 /* StopsRowController.swift in Sources */,
				23E341661CA6A1DF00EDB581 /* BusesRowController.swift in Sources */,
				23420AAE1C92A34E009F40F9 /* NotificationController.swift in Sources */,
				23420AAC1C92A34E009F40F9 /* ExtensionDelegate.swift in Sources */,
				23E341651CA6A11400EDB581 /* RouteColours.swift in Sources */,
				23420AAA1C92A34E009F40F9 /* StopsInterfaceController.swift in Sources */,
				23E341641CA6A10600EDB581 /* BusesInterfaceController.swift in Sources */,
				23420AB01C92A34E009F40F9 /* GlanceController.swift in Sources */,
				236842411CAD3B7600548923 /* StringShortener.swift in Sources */,
			);
			runOnlyForDeploymentPostprocessing = 0;
		};
		23D75E171AC1654B0068C808 /* Sources */ = {
			isa = PBXSourcesBuildPhase;
			buildActionMask = 2147483647;
			files = (
				23D75E781AC165A70068C808 /* HTMLEntities.m in Sources */,
				236842441CAD3E1600548923 /* NearestStopBusInfoFetcher.m in Sources */,
				23D75E7C1AC165A70068C808 /* HTMLPreprocessedInputStream.m in Sources */,
				236FC34C1CAFC98900207C15 /* EditStopDescriptionViewController.m in Sources */,
				23E341691CA79F1A00EDB581 /* BusInfoFetcher.m in Sources */,
				23D75E811AC165A70068C808 /* HTMLTokenizer.m in Sources */,
				23063AF71AC7A4C800C063DC /* EnterStopIDViewController.m in Sources */,
				23D75E741AC165A70068C808 /* HTMLDocument.m in Sources */,
				23D75E7F1AC165A70068C808 /* HTMLString.m in Sources */,
				23420A891C8EC7DD009F40F9 /* ErrorPresenter.swift in Sources */,
				23D75E731AC165A70068C808 /* HTMLComment.m in Sources */,
				23D75E821AC165A70068C808 /* HTMLTreeEnumerator.m in Sources */,
				23D75E2D1AC1654B0068C808 /* DetailViewController.m in Sources */,
				23D75E751AC165A70068C808 /* HTMLDocumentType.m in Sources */,
				23D75E7B1AC165A70068C808 /* HTMLParser.m in Sources */,
				23063AFA1AC7DAAC00C063DC /* ServiceDescriptionCell.m in Sources */,
				236FC34F1CAFDC4A00207C15 /* ShorteningLabel.m in Sources */,
				23E102691C1D0B7C00BEF3C6 /* AddStopAbstractViewController.m in Sources */,
				236FC3481CAE124E00207C15 /* INTURequestIDGenerator.m in Sources */,
				23E341781CABACB800EDB581 /* MGSwipeTableCell.m in Sources */,
				23D75E761AC165A70068C808 /* HTMLElement.m in Sources */,
				23D75E771AC165A70068C808 /* HTMLEncoding.m in Sources */,
				23E3417B1CABD2E900EDB581 /* StopInfoFetcher.m in Sources */,
				23E102661C1D0AA300BEF3C6 /* StopMapViewController.m in Sources */,
				236FC3451CAE124E00207C15 /* INTUHeadingRequest.m in Sources */,
				23D75E7A1AC165A70068C808 /* HTMLOrderedDictionary.m in Sources */,
				23063B051ACBF0BC00C063DC /* FavouritesCell.m in Sources */,
				236FC3461CAE124E00207C15 /* INTULocationManager.m in Sources */,
				23E1026F1C1D3A8700BEF3C6 /* StopLocation.m in Sources */,
				23D75E831AC165A70068C808 /* NSString+HTMLEntities.m in Sources */,
				23C937981ACDF51E00EF1441 /* TimetableWebViewController.m in Sources */,
				23D75E2A1AC1654B0068C808 /* MasterViewController.m in Sources */,
				23E341771CABACB800EDB581 /* MGSwipeButton.m in Sources */,
				23D75E791AC165A70068C808 /* HTMLNode.m in Sources */,
				23D75E7E1AC165A70068C808 /* HTMLSerialization.m in Sources */,
				23D75E801AC165A70068C808 /* HTMLTextNode.m in Sources */,
				236FC3471CAE124E00207C15 /* INTULocationRequest.m in Sources */,
				23D75E271AC1654B0068C808 /* Bus-Panda.xcdatamodeld in Sources */,
				23D75E241AC1654B0068C808 /* AppDelegate.m in Sources */,
				23E341631CA6915100EDB581 /* RouteColours.swift in Sources */,
				23D75E211AC1654B0068C808 /* main.m in Sources */,
				23D75E7D1AC165A70068C808 /* HTMLSelector.m in Sources */,
			);
			runOnlyForDeploymentPostprocessing = 0;
		};
		23D75E361AC1654B0068C808 /* Sources */ = {
			isa = PBXSourcesBuildPhase;
			buildActionMask = 2147483647;
			files = (
				23D75E411AC1654B0068C808 /* BusTests.m in Sources */,
			);
			runOnlyForDeploymentPostprocessing = 0;
		};
/* End PBXSourcesBuildPhase section */

/* Begin PBXTargetDependency section */
		23420AA51C92A34E009F40F9 /* PBXTargetDependency */ = {
			isa = PBXTargetDependency;
			target = 23420AA11C92A34E009F40F9 /* watchkit Extension */;
			targetProxy = 23420AA41C92A34E009F40F9 /* PBXContainerItemProxy */;
		};
		23420AB51C92A34E009F40F9 /* PBXTargetDependency */ = {
			isa = PBXTargetDependency;
			target = 23420A951C92A34E009F40F9 /* watchkit */;
			targetProxy = 23420AB41C92A34E009F40F9 /* PBXContainerItemProxy */;
		};
		23D75E3C1AC1654B0068C808 /* PBXTargetDependency */ = {
			isa = PBXTargetDependency;
			target = 23D75E1A1AC1654B0068C808 /* Bus Panda */;
			targetProxy = 23D75E3B1AC1654B0068C808 /* PBXContainerItemProxy */;
		};
/* End PBXTargetDependency section */

/* Begin PBXVariantGroup section */
		23420A981C92A34E009F40F9 /* Interface.storyboard */ = {
			isa = PBXVariantGroup;
			children = (
				23420A991C92A34E009F40F9 /* Base */,
			);
			name = Interface.storyboard;
			sourceTree = "<group>";
		};
		23D75E2E1AC1654B0068C808 /* Main.storyboard */ = {
			isa = PBXVariantGroup;
			children = (
				23D75E2F1AC1654B0068C808 /* Base */,
			);
			name = Main.storyboard;
			sourceTree = "<group>";
		};
		23D75E331AC1654B0068C808 /* LaunchScreen.xib */ = {
			isa = PBXVariantGroup;
			children = (
				23D75E341AC1654B0068C808 /* Base */,
			);
			name = LaunchScreen.xib;
			sourceTree = "<group>";
		};
/* End PBXVariantGroup section */

/* Begin XCBuildConfiguration section */
		23420AB81C92A34F009F40F9 /* Debug */ = {
			isa = XCBuildConfiguration;
			buildSettings = {
				CODE_SIGN_IDENTITY = "iPhone Developer";
				DEBUG_INFORMATION_FORMAT = dwarf;
				GCC_NO_COMMON_BLOCKS = YES;
				INFOPLIST_FILE = "watchkit Extension/Info.plist";
				LD_RUNPATH_SEARCH_PATHS = "$(inherited) @executable_path/Frameworks @executable_path/../../Frameworks";
				PRODUCT_BUNDLE_IDENTIFIER = "uk.org.pond.Bus-Panda.watchkitapp.watchkitextension";
				PRODUCT_NAME = "${TARGET_NAME}";
				SDKROOT = watchos;
				SKIP_INSTALL = YES;
				SWIFT_OPTIMIZATION_LEVEL = "-Onone";
				TARGETED_DEVICE_FAMILY = 4;
				WATCHOS_DEPLOYMENT_TARGET = 2.2;
			};
			name = Debug;
		};
		23420AB91C92A34F009F40F9 /* Release */ = {
			isa = XCBuildConfiguration;
			buildSettings = {
				CODE_SIGN_IDENTITY = "iPhone Developer";
				DEBUG_INFORMATION_FORMAT = "dwarf-with-dsym";
				GCC_NO_COMMON_BLOCKS = YES;
				INFOPLIST_FILE = "watchkit Extension/Info.plist";
				LD_RUNPATH_SEARCH_PATHS = "$(inherited) @executable_path/Frameworks @executable_path/../../Frameworks";
				PRODUCT_BUNDLE_IDENTIFIER = "uk.org.pond.Bus-Panda.watchkitapp.watchkitextension";
				PRODUCT_NAME = "${TARGET_NAME}";
				SDKROOT = watchos;
				SKIP_INSTALL = YES;
				TARGETED_DEVICE_FAMILY = 4;
				WATCHOS_DEPLOYMENT_TARGET = 2.2;
			};
			name = Release;
		};
		23420ABC1C92A34F009F40F9 /* Debug */ = {
			isa = XCBuildConfiguration;
			buildSettings = {
				ASSETCATALOG_COMPILER_APPICON_NAME = AppIcon;
				CODE_SIGN_IDENTITY = "iPhone Developer";
				"CODE_SIGN_IDENTITY[sdk=iphoneos*]" = "iPhone Developer";
				DEBUG_INFORMATION_FORMAT = dwarf;
				EMBEDDED_CONTENT_CONTAINS_SWIFT = YES;
				GCC_NO_COMMON_BLOCKS = YES;
				IBSC_MODULE = watchkit_Extension;
				INFOPLIST_FILE = watchkit/Info.plist;
				IPHONEOS_DEPLOYMENT_TARGET = 8.0;
				PRODUCT_BUNDLE_IDENTIFIER = "uk.org.pond.Bus-Panda.watchkitapp";
				PRODUCT_NAME = "$(TARGET_NAME)";
				SDKROOT = watchos;
				SKIP_INSTALL = YES;
				SWIFT_OPTIMIZATION_LEVEL = "-Onone";
				TARGETED_DEVICE_FAMILY = 4;
				WATCHOS_DEPLOYMENT_TARGET = 2.1;
			};
			name = Debug;
		};
		23420ABD1C92A34F009F40F9 /* Release */ = {
			isa = XCBuildConfiguration;
			buildSettings = {
				ASSETCATALOG_COMPILER_APPICON_NAME = AppIcon;
				CODE_SIGN_IDENTITY = "iPhone Developer";
				"CODE_SIGN_IDENTITY[sdk=iphoneos*]" = "iPhone Developer";
				DEBUG_INFORMATION_FORMAT = "dwarf-with-dsym";
				EMBEDDED_CONTENT_CONTAINS_SWIFT = YES;
				GCC_NO_COMMON_BLOCKS = YES;
				IBSC_MODULE = watchkit_Extension;
				INFOPLIST_FILE = watchkit/Info.plist;
				IPHONEOS_DEPLOYMENT_TARGET = 8.0;
				PRODUCT_BUNDLE_IDENTIFIER = "uk.org.pond.Bus-Panda.watchkitapp";
				PRODUCT_NAME = "$(TARGET_NAME)";
				SDKROOT = watchos;
				SKIP_INSTALL = YES;
				TARGETED_DEVICE_FAMILY = 4;
				WATCHOS_DEPLOYMENT_TARGET = 2.1;
			};
			name = Release;
		};
		23D75E421AC1654B0068C808 /* Debug */ = {
			isa = XCBuildConfiguration;
			buildSettings = {
				ALWAYS_SEARCH_USER_PATHS = NO;
				CLANG_CXX_LANGUAGE_STANDARD = "gnu++0x";
				CLANG_CXX_LIBRARY = "libc++";
				CLANG_ENABLE_MODULES = YES;
				CLANG_ENABLE_OBJC_ARC = YES;
				CLANG_WARN_BOOL_CONVERSION = YES;
				CLANG_WARN_CONSTANT_CONVERSION = YES;
				CLANG_WARN_DIRECT_OBJC_ISA_USAGE = YES_ERROR;
				CLANG_WARN_EMPTY_BODY = YES;
				CLANG_WARN_ENUM_CONVERSION = YES;
				CLANG_WARN_INT_CONVERSION = YES;
				CLANG_WARN_OBJC_ROOT_CLASS = YES_ERROR;
				CLANG_WARN_UNREACHABLE_CODE = YES;
				CLANG_WARN__DUPLICATE_METHOD_MATCH = YES;
				"CODE_SIGN_IDENTITY[sdk=iphoneos*]" = "iPhone Developer";
				COPY_PHASE_STRIP = NO;
				ENABLE_STRICT_OBJC_MSGSEND = YES;
				ENABLE_TESTABILITY = YES;
				GCC_C_LANGUAGE_STANDARD = gnu99;
				GCC_DYNAMIC_NO_PIC = NO;
				GCC_OPTIMIZATION_LEVEL = 0;
				GCC_PREPROCESSOR_DEFINITIONS = (
					"DEBUG=1",
					"$(inherited)",
				);
				GCC_SYMBOLS_PRIVATE_EXTERN = NO;
				GCC_WARN_64_TO_32_BIT_CONVERSION = YES;
				GCC_WARN_ABOUT_RETURN_TYPE = YES_ERROR;
				GCC_WARN_UNDECLARED_SELECTOR = YES;
				GCC_WARN_UNINITIALIZED_AUTOS = YES_AGGRESSIVE;
				GCC_WARN_UNUSED_FUNCTION = YES;
				GCC_WARN_UNUSED_VARIABLE = YES;
				IPHONEOS_DEPLOYMENT_TARGET = 8.2;
				MTL_ENABLE_DEBUG_INFO = YES;
				ONLY_ACTIVE_ARCH = YES;
				SDKROOT = iphoneos;
				TARGETED_DEVICE_FAMILY = "1,2";
			};
			name = Debug;
		};
		23D75E431AC1654B0068C808 /* Release */ = {
			isa = XCBuildConfiguration;
			buildSettings = {
				ALWAYS_SEARCH_USER_PATHS = NO;
				CLANG_CXX_LANGUAGE_STANDARD = "gnu++0x";
				CLANG_CXX_LIBRARY = "libc++";
				CLANG_ENABLE_MODULES = YES;
				CLANG_ENABLE_OBJC_ARC = YES;
				CLANG_WARN_BOOL_CONVERSION = YES;
				CLANG_WARN_CONSTANT_CONVERSION = YES;
				CLANG_WARN_DIRECT_OBJC_ISA_USAGE = YES_ERROR;
				CLANG_WARN_EMPTY_BODY = YES;
				CLANG_WARN_ENUM_CONVERSION = YES;
				CLANG_WARN_INT_CONVERSION = YES;
				CLANG_WARN_OBJC_ROOT_CLASS = YES_ERROR;
				CLANG_WARN_UNREACHABLE_CODE = YES;
				CLANG_WARN__DUPLICATE_METHOD_MATCH = YES;
				"CODE_SIGN_IDENTITY[sdk=iphoneos*]" = "iPhone Developer";
				COPY_PHASE_STRIP = NO;
				ENABLE_NS_ASSERTIONS = NO;
				ENABLE_STRICT_OBJC_MSGSEND = YES;
				GCC_C_LANGUAGE_STANDARD = gnu99;
				GCC_WARN_64_TO_32_BIT_CONVERSION = YES;
				GCC_WARN_ABOUT_RETURN_TYPE = YES_ERROR;
				GCC_WARN_UNDECLARED_SELECTOR = YES;
				GCC_WARN_UNINITIALIZED_AUTOS = YES_AGGRESSIVE;
				GCC_WARN_UNUSED_FUNCTION = YES;
				GCC_WARN_UNUSED_VARIABLE = YES;
				IPHONEOS_DEPLOYMENT_TARGET = 8.2;
				MTL_ENABLE_DEBUG_INFO = NO;
				SDKROOT = iphoneos;
				TARGETED_DEVICE_FAMILY = "1,2";
				VALIDATE_PRODUCT = YES;
			};
			name = Release;
		};
		23D75E451AC1654B0068C808 /* Debug */ = {
			isa = XCBuildConfiguration;
			buildSettings = {
				ASSETCATALOG_COMPILER_APPICON_NAME = AppIcon;
				CLANG_ENABLE_MODULES = YES;
				CODE_SIGN_ENTITLEMENTS = "Bus/Bus-Panda.entitlements";
				CODE_SIGN_IDENTITY = "iPhone Developer";
				"CODE_SIGN_IDENTITY[sdk=iphoneos*]" = "iPhone Developer";
				INFOPLIST_FILE = Bus/Info.plist;
				IPHONEOS_DEPLOYMENT_TARGET = 8.2;
				LD_RUNPATH_SEARCH_PATHS = "$(inherited) @executable_path/Frameworks";
				PRODUCT_BUNDLE_IDENTIFIER = "uk.org.pond.Bus-Panda";
				PRODUCT_NAME = "$(TARGET_NAME)";
				PROVISIONING_PROFILE = "";
				SWIFT_OBJC_BRIDGING_HEADER = "Bus/Bus Panda-Bridging-Header.h";
				SWIFT_OPTIMIZATION_LEVEL = "-Onone";
			};
			name = Debug;
		};
		23D75E461AC1654B0068C808 /* Release */ = {
			isa = XCBuildConfiguration;
			buildSettings = {
				ASSETCATALOG_COMPILER_APPICON_NAME = AppIcon;
				CLANG_ENABLE_MODULES = YES;
				CODE_SIGN_ENTITLEMENTS = "Bus/Bus-Panda.entitlements";
				CODE_SIGN_IDENTITY = "iPhone Developer";
				"CODE_SIGN_IDENTITY[sdk=iphoneos*]" = "iPhone Developer";
				INFOPLIST_FILE = Bus/Info.plist;
				IPHONEOS_DEPLOYMENT_TARGET = 8.2;
				LD_RUNPATH_SEARCH_PATHS = "$(inherited) @executable_path/Frameworks";
				PRODUCT_BUNDLE_IDENTIFIER = "uk.org.pond.Bus-Panda";
				PRODUCT_NAME = "$(TARGET_NAME)";
				PROVISIONING_PROFILE = "";
				SWIFT_OBJC_BRIDGING_HEADER = "Bus/Bus Panda-Bridging-Header.h";
			};
			name = Release;
		};
		23D75E481AC1654B0068C808 /* Debug */ = {
			isa = XCBuildConfiguration;
			buildSettings = {
				BUNDLE_LOADER = "$(TEST_HOST)";
				FRAMEWORK_SEARCH_PATHS = "";
				GCC_PREPROCESSOR_DEFINITIONS = (
					"DEBUG=1",
					"$(inherited)",
				);
				INFOPLIST_FILE = BusTests/Info.plist;
				LD_RUNPATH_SEARCH_PATHS = "$(inherited) @executable_path/Frameworks @loader_path/Frameworks";
				PRODUCT_BUNDLE_IDENTIFIER = "uk.org.pond.$(PRODUCT_NAME:rfc1034identifier)";
				PRODUCT_NAME = "$(TARGET_NAME)";
				TEST_HOST = "$(BUILT_PRODUCTS_DIR)/Bus.app/Bus";
			};
			name = Debug;
		};
		23D75E491AC1654B0068C808 /* Release */ = {
			isa = XCBuildConfiguration;
			buildSettings = {
				BUNDLE_LOADER = "$(TEST_HOST)";
				FRAMEWORK_SEARCH_PATHS = "";
				INFOPLIST_FILE = BusTests/Info.plist;
				LD_RUNPATH_SEARCH_PATHS = "$(inherited) @executable_path/Frameworks @loader_path/Frameworks";
				PRODUCT_BUNDLE_IDENTIFIER = "uk.org.pond.$(PRODUCT_NAME:rfc1034identifier)";
				PRODUCT_NAME = "$(TARGET_NAME)";
				TEST_HOST = "$(BUILT_PRODUCTS_DIR)/Bus.app/Bus";
			};
			name = Release;
		};
/* End XCBuildConfiguration section */

/* Begin XCConfigurationList section */
		23420AB71C92A34F009F40F9 /* Build configuration list for PBXNativeTarget "watchkit Extension" */ = {
			isa = XCConfigurationList;
			buildConfigurations = (
				23420AB81C92A34F009F40F9 /* Debug */,
				23420AB91C92A34F009F40F9 /* Release */,
			);
			defaultConfigurationIsVisible = 0;
			defaultConfigurationName = Release;
		};
		23420ABB1C92A34F009F40F9 /* Build configuration list for PBXNativeTarget "watchkit" */ = {
			isa = XCConfigurationList;
			buildConfigurations = (
				23420ABC1C92A34F009F40F9 /* Debug */,
				23420ABD1C92A34F009F40F9 /* Release */,
			);
			defaultConfigurationIsVisible = 0;
			defaultConfigurationName = Release;
		};
		23D75E161AC1654B0068C808 /* Build configuration list for PBXProject "Bus Panda" */ = {
			isa = XCConfigurationList;
			buildConfigurations = (
				23D75E421AC1654B0068C808 /* Debug */,
				23D75E431AC1654B0068C808 /* Release */,
			);
			defaultConfigurationIsVisible = 0;
			defaultConfigurationName = Release;
		};
		23D75E441AC1654B0068C808 /* Build configuration list for PBXNativeTarget "Bus Panda" */ = {
			isa = XCConfigurationList;
			buildConfigurations = (
				23D75E451AC1654B0068C808 /* Debug */,
				23D75E461AC1654B0068C808 /* Release */,
			);
			defaultConfigurationIsVisible = 0;
			defaultConfigurationName = Release;
		};
		23D75E471AC1654B0068C808 /* Build configuration list for PBXNativeTarget "BusTests" */ = {
			isa = XCConfigurationList;
			buildConfigurations = (
				23D75E481AC1654B0068C808 /* Debug */,
				23D75E491AC1654B0068C808 /* Release */,
			);
			defaultConfigurationIsVisible = 0;
			defaultConfigurationName = Release;
		};
/* End XCConfigurationList section */

/* Begin XCVersionGroup section */
		23D75E251AC1654B0068C808 /* Bus-Panda.xcdatamodeld */ = {
			isa = XCVersionGroup;
			children = (
				23D75E261AC1654B0068C808 /* Bus-Panda.xcdatamodel */,
			);
			currentVersion = 23D75E261AC1654B0068C808 /* Bus-Panda.xcdatamodel */;
			path = "Bus-Panda.xcdatamodeld";
			sourceTree = "<group>";
			versionGroupType = wrapper.xcdatamodel;
		};
/* End XCVersionGroup section */
	};
	rootObject = 23D75E131AC1654B0068C808 /* Project object */;
}
